# THIS IS AN AUTOGENERATED FILE. DO NOT EDIT THIS FILE DIRECTLY.
# yarn lockfile v1


"@babel/runtime@^7.10.4":
  version "7.10.4"
  resolved "https://registry.yarnpkg.com/@babel/runtime/-/runtime-7.10.4.tgz#a6724f1a6b8d2f6ea5236dbfe58c7d7ea9c5eb99"
  integrity sha512-UpTN5yUJr9b4EX2CnGNWIvER7Ab83ibv0pcvvHc4UOdrBI5jb8bj+32cCwPX6xu0mt2daFNjYhoi+X7beH0RSw==
  dependencies:
    regenerator-runtime "^0.13.4"

"@rollup/plugin-node-resolve@^8.1.0":
  version "8.1.0"
  resolved "https://registry.yarnpkg.com/@rollup/plugin-node-resolve/-/plugin-node-resolve-8.1.0.tgz#1da5f3d0ccabc8f66f5e3c74462aad76cfd96c47"
  integrity sha512-ovq7ZM3JJYUUmEjjO+H8tnUdmQmdQudJB7xruX8LFZ1W2q8jXdPUS6SsIYip8ByOApu4RR7729Am9WhCeCMiHA==
  dependencies:
    "@rollup/pluginutils" "^3.0.8"
    "@types/resolve" "0.0.8"
    builtin-modules "^3.1.0"
    deep-freeze "^0.0.1"
    deepmerge "^4.2.2"
    is-module "^1.0.0"
    resolve "^1.14.2"

"@rollup/pluginutils@^3.0.8":
  version "3.1.0"
  resolved "https://registry.yarnpkg.com/@rollup/pluginutils/-/pluginutils-3.1.0.tgz#706b4524ee6dc8b103b3c995533e5ad680c02b9b"
  integrity sha512-GksZ6pr6TpIjHm8h9lSQ8pi8BE9VeubNT0OMJ3B5uZJ8pz73NPiqOtCog/x2/QzM1ENChPKxMDhiQuRHsqc+lg==
  dependencies:
    "@types/estree" "0.0.39"
    estree-walker "^1.0.1"
    picomatch "^2.2.2"

"@types/estree@0.0.39":
  version "0.0.39"
  resolved "https://registry.yarnpkg.com/@types/estree/-/estree-0.0.39.tgz#e177e699ee1b8c22d23174caaa7422644389509f"
  integrity sha512-EYNwp3bU+98cpU4lAWYYL7Zz+2gryWH1qbdDTidVd6hkiR6weksdbMadyXKXNPEkQFhXM+hVO9ZygomHXp+AIw==

"@types/node@*":
  version "14.0.14"
  resolved "https://registry.yarnpkg.com/@types/node/-/node-14.0.14.tgz#24a0b5959f16ac141aeb0c5b3cd7a15b7c64cbce"
  integrity sha512-syUgf67ZQpaJj01/tRTknkMNoBBLWJOBODF0Zm4NrXmiSuxjymFrxnTu1QVYRubhVkRcZLYZG8STTwJRdVm/WQ==

"@types/resolve@0.0.8":
  version "0.0.8"
  resolved "https://registry.yarnpkg.com/@types/resolve/-/resolve-0.0.8.tgz#f26074d238e02659e323ce1a13d041eee280e194"
  integrity sha512-auApPaJf3NPfe18hSoJkp8EbZzer2ISk7o8mCC3M9he/a04+gbMF97NkpD2S8riMGvm4BMRI59/SZQSaLTKpsQ==
  dependencies:
    "@types/node" "*"

buffer-from@^1.0.0:
  version "1.1.1"
  resolved "https://registry.yarnpkg.com/buffer-from/-/buffer-from-1.1.1.tgz#32713bc028f75c02fdb710d7c7bcec1f2c6070ef"
  integrity sha512-MQcXEUbCKtEo7bhqEs6560Hyd4XaovZlO/k9V3hjVUF/zwW7KBVdSK4gIt/bzwS9MbR5qob+F5jusZsb0YQK2A==

builtin-modules@^3.1.0:
  version "3.1.0"
  resolved "https://registry.yarnpkg.com/builtin-modules/-/builtin-modules-3.1.0.tgz#aad97c15131eb76b65b50ef208e7584cd76a7484"
  integrity sha512-k0KL0aWZuBt2lrxrcASWDfwOLMnodeQjodT/1SxEQAXsHANgo6ZC/VEaSEHCXt7aSTZ4/4H5LKa+tBXmW7Vtvw==

commander@2, commander@^2.20.0:
  version "2.20.3"
  resolved "https://registry.yarnpkg.com/commander/-/commander-2.20.3.tgz#fd485e84c03eb4881c20722ba48035e8531aeb33"
  integrity sha512-GpVkmM8vF2vQUkj2LvZmD35JxeJOLCwJ9cUkugyk2nuhbv3+mJvpLYYt+0+USMxE+oj+ey/lJEnhZw75x/OMcQ==

d3-array@^2.4.0:
  version "2.4.0"
  resolved "https://registry.yarnpkg.com/d3-array/-/d3-array-2.4.0.tgz#87f8b9ad11088769c82b5ea846bcb1cc9393f242"
  integrity sha512-KQ41bAF2BMakf/HdKT865ALd4cgND6VcIztVQZUTt0+BH3RWy6ZYnHghVXf6NFjt2ritLr8H1T8LreAAlfiNcw==

d3-dispatch@1:
  version "1.0.6"
  resolved "https://registry.yarnpkg.com/d3-dispatch/-/d3-dispatch-1.0.6.tgz#00d37bcee4dd8cd97729dd893a0ac29caaba5d58"
  integrity sha512-fVjoElzjhCEy+Hbn8KygnmMS7Or0a9sI2UzGwoB7cCtvI1XpVN9GpoYlnb3xt2YV66oXYb1fLJ8GMvP4hdU1RA==

d3-dsv@^1.2.0:
  version "1.2.0"
  resolved "https://registry.yarnpkg.com/d3-dsv/-/d3-dsv-1.2.0.tgz#9d5f75c3a5f8abd611f74d3f5847b0d4338b885c"
  integrity sha512-9yVlqvZcSOMhCYzniHE7EVUws7Fa1zgw+/EAV2BxJoG3ME19V6BQFBwI855XQDsxyOuG7NibqRMTtiF/Qup46g==
  dependencies:
    commander "2"
    iconv-lite "0.4"
    rw "1"

d3-force@^2.0.1:
  version "2.0.1"
  resolved "https://registry.yarnpkg.com/d3-force/-/d3-force-2.0.1.tgz#31750eee8c43535301d571195bf9683beda534e2"
  integrity sha512-zh73/N6+MElRojiUG7vmn+3vltaKon7iD5vB/7r9nUaBeftXMzRo5IWEG63DLBCto4/8vr9i3m9lwr1OTJNiCg==
  dependencies:
    d3-dispatch "1"
    d3-quadtree "1"
    d3-timer "1"

d3-format@^1.4.4:
  version "1.4.4"
  resolved "https://registry.yarnpkg.com/d3-format/-/d3-format-1.4.4.tgz#356925f28d0fd7c7983bfad593726fce46844030"
  integrity sha512-TWks25e7t8/cqctxCmxpUuzZN11QxIA7YrMbram94zMQ0PXjE4LVIMe/f6a4+xxL8HQ3OsAFULOINQi1pE62Aw==

d3-quadtree@1:
  version "1.0.7"
  resolved "https://registry.yarnpkg.com/d3-quadtree/-/d3-quadtree-1.0.7.tgz#ca8b84df7bb53763fe3c2f24bd435137f4e53135"
  integrity sha512-RKPAeXnkC59IDGD0Wu5mANy0Q2V28L+fNe65pOCXVdVuTJS3WPKaJlFHer32Rbh9gIo9qMuJXio8ra4+YmIymA==

d3-time-format@^2.2.3:
  version "2.2.3"
  resolved "https://registry.yarnpkg.com/d3-time-format/-/d3-time-format-2.2.3.tgz#0c9a12ee28342b2037e5ea1cf0b9eb4dd75f29cb"
  integrity sha512-RAHNnD8+XvC4Zc4d2A56Uw0yJoM7bsvOlJR33bclxq399Rak/b9bhvu/InjxdWhPtkgU53JJcleJTGkNRnN6IA==
  dependencies:
    d3-time "1"

d3-time@1, d3-time@^1.1.0:
  version "1.1.0"
  resolved "https://registry.yarnpkg.com/d3-time/-/d3-time-1.1.0.tgz#b1e19d307dae9c900b7e5b25ffc5dcc249a8a0f1"
  integrity sha512-Xh0isrZ5rPYYdqhAVk8VLnMEidhz5aP7htAADH6MfzgmmicPkTo8LhkLxci61/lCB7n7UmE3bN0leRt+qvkLxA==

d3-timer@1:
  version "1.0.10"
  resolved "https://registry.yarnpkg.com/d3-timer/-/d3-timer-1.0.10.tgz#dfe76b8a91748831b13b6d9c793ffbd508dd9de5"
  integrity sha512-B1JDm0XDaQC+uvo4DT79H0XmBskgS3l6Ve+1SBCfxgmtIb1AVrPIoqd+nPSv+loMX8szQ0sVUhGngL7D5QPiXw==

deep-freeze@^0.0.1:
  version "0.0.1"
  resolved "https://registry.yarnpkg.com/deep-freeze/-/deep-freeze-0.0.1.tgz#3a0b0005de18672819dfd38cd31f91179c893e84"
  integrity sha1-OgsABd4YZygZ39OM0x+RF5yJPoQ=

deepmerge@^4.2.2:
  version "4.2.2"
  resolved "https://registry.yarnpkg.com/deepmerge/-/deepmerge-4.2.2.tgz#44d2ea3679b8f4d4ffba33f03d865fc1e7bf4955"
  integrity sha512-FJ3UgI4gIl+PHZm53knsuSFpE+nESMr7M4v9QcgB7S63Kj/6WqMiFQJpBBYz1Pt+66bZpP3Q7Lye0Oo9MPKEdg==

estree-walker@^1.0.1:
  version "1.0.1"
  resolved "https://registry.yarnpkg.com/estree-walker/-/estree-walker-1.0.1.tgz#31bc5d612c96b704106b477e6dd5d8aa138cb700"
  integrity sha512-1fMXF3YP4pZZVozF8j/ZLfvnR8NSIljt56UhbZ5PeeDmmGHpgpdwQt7ITlGvYaQukCvuBRMLEiKiYC+oeIg4cg==

fsevents@~2.1.2:
  version "2.1.3"
  resolved "https://registry.yarnpkg.com/fsevents/-/fsevents-2.1.3.tgz#fb738703ae8d2f9fe900c33836ddebee8b97f23e"
  integrity sha512-Auw9a4AxqWpa9GUfj370BMPzzyncfBABW8Mab7BGWBYDj4Isgq+cDKtx0i6u9jcX9pQDnswsaaOTgTmA5pEjuQ==

iconv-lite@0.4:
  version "0.4.24"
  resolved "https://registry.yarnpkg.com/iconv-lite/-/iconv-lite-0.4.24.tgz#2022b4b25fbddc21d2f524974a474aafe733908b"
  integrity sha512-v3MXnZAcvnywkTUEZomIActle7RXXeedOR31wwl7VlyoXO4Qi9arvSenNQWne1TcRwhCL1HwLI21bEqdpj8/rA==
  dependencies:
    safer-buffer ">= 2.1.2 < 3"

is-module@^1.0.0:
  version "1.0.0"
  resolved "https://registry.yarnpkg.com/is-module/-/is-module-1.0.0.tgz#3258fb69f78c14d5b815d664336b4cffb6441591"
  integrity sha1-Mlj7afeMFNW4FdZkM2tM/7ZEFZE=

node-fetch@^2.6.0:
  version "2.6.0"
  resolved "https://registry.yarnpkg.com/node-fetch/-/node-fetch-2.6.0.tgz#e633456386d4aa55863f676a7ab0daa8fdecb0fd"
  integrity sha512-8dG4H5ujfvFiqDmVu9fQ5bOHUC15JMjMY/Zumv26oOvvVJjM67KF8koCWIabKQ1GJIa9r2mMZscBq/TbdOcmNA==

path-parse@^1.0.6:
  version "1.0.6"
  resolved "https://registry.yarnpkg.com/path-parse/-/path-parse-1.0.6.tgz#d62dbb5679405d72c4737ec58600e9ddcf06d24c"
  integrity sha512-GSmOT2EbHrINBf9SR7CDELwlJ8AENk3Qn7OikK4nFYAu3Ote2+JYNVvkpAEQm3/TLNEJFD/xZJjzyxg3KBWOzw==

picomatch@^2.2.2:
  version "2.2.2"
  resolved "https://registry.yarnpkg.com/picomatch/-/picomatch-2.2.2.tgz#21f333e9b6b8eaff02468f5146ea406d345f4dad"
  integrity sha512-q0M/9eZHzmr0AulXyPwNfZjtwZ/RBZlbN3K3CErVrk50T2ASYI7Bye0EvekFY3IP1Nt2DHu0re+V2ZHIpMkuWg==

regenerator-runtime@^0.13.4:
  version "0.13.5"
  resolved "https://registry.yarnpkg.com/regenerator-runtime/-/regenerator-runtime-0.13.5.tgz#d878a1d094b4306d10b9096484b33ebd55e26697"
  integrity sha512-ZS5w8CpKFinUzOwW3c83oPeVXoNsrLsaCoLtJvAClH135j/R77RuymhiSErhm2lKcwSCIpmvIWSbDkIfAqKQlA==

resolve@^1.14.2:
  version "1.17.0"
  resolved "https://registry.yarnpkg.com/resolve/-/resolve-1.17.0.tgz#b25941b54968231cc2d1bb76a79cb7f2c0bf8444"
  integrity sha512-ic+7JYiV8Vi2yzQGFWOkiZD5Z9z7O2Zhm9XMaTxdJExKasieFCr+yXZ/WmXsckHiKl12ar0y6XiXDx3m4RHn1w==
  dependencies:
    path-parse "^1.0.6"

rollup@^2.18.2:
  version "2.18.2"
  resolved "https://registry.yarnpkg.com/rollup/-/rollup-2.18.2.tgz#886ac6e4549e493df106c3e2580c89aeb997be25"
  integrity sha512-+mzyZhL9ZyLB3eHBISxRNTep9Z2qCuwXzAYkUbFyz7yNKaKH03MFKeiGOS1nv2uvPgDb4ASKv+FiS5mC4h5IFQ==
  optionalDependencies:
    fsevents "~2.1.2"

rw@1:
  version "1.3.3"
  resolved "https://registry.yarnpkg.com/rw/-/rw-1.3.3.tgz#3f862dfa91ab766b14885ef4d01124bfda074fb4"
  integrity sha1-P4Yt+pGrdmsUiF700BEkv9oHT7Q=

"safer-buffer@>= 2.1.2 < 3":
  version "2.1.2"
  resolved "https://registry.yarnpkg.com/safer-buffer/-/safer-buffer-2.1.2.tgz#44fa161b0187b9549dd84bb91802f9bd8385cd6a"
  integrity sha512-YZo3K82SD7Riyi0E1EQPojLz7kpepnSQI9IyPbHHg1XXXevb5dJI7tpyN2ADxGcQbHG7vcyRHk0cbwqcQriUtg==

source-map-support@~0.5.12:
  version "0.5.19"
  resolved "https://registry.yarnpkg.com/source-map-support/-/source-map-support-0.5.19.tgz#a98b62f86dcaf4f67399648c085291ab9e8fed61"
  integrity sha512-Wonm7zOCIJzBGQdB+thsPar0kYuCIzYvxZwlBa87yi/Mdjv7Tip2cyVbLj5o0cFPN4EVkuTwb3GDDyUx2DGnGw==
  dependencies:
    buffer-from "^1.0.0"
    source-map "^0.6.0"

source-map@^0.6.0, source-map@~0.6.1:
  version "0.6.1"
  resolved "https://registry.yarnpkg.com/source-map/-/source-map-0.6.1.tgz#74722af32e9614e9c287a8d0bbde48b5e2f1a263"
  integrity sha512-UjgapumWlbMhkBgzT7Ykc5YXUT46F0iKu8SGXq0bcwP5dz/h0Plj6enJqjz1Zbq2l5WaqYnrVbwWOWMyF3F47g==

terser@^4.8.1:
  version "4.8.1"
  resolved "https://registry.yarnpkg.com/terser/-/terser-4.8.1.tgz#a00e5634562de2239fd404c649051bf6fc21144f"
  integrity sha512-4GnLC0x667eJG0ewJTa6z/yXrbLGv80D9Ru6HIpCQmO+Q4PfEtBFi0ObSckqwL6VyQv/7ENJieXHo2ANmdQwgw==
  dependencies:
    commander "^2.20.0"
    source-map "~0.6.1"
    source-map-support "~0.5.12"

topojson-client@^3.1.0:
  version "3.1.0"
  resolved "https://registry.yarnpkg.com/topojson-client/-/topojson-client-3.1.0.tgz#22e8b1ed08a2b922feeb4af6f53b6ef09a467b99"
  integrity sha512-605uxS6bcYxGXw9qi62XyrV6Q3xwbndjachmNxu8HWTtVPxZfEJN9fd/SZS1Q54Sn2y0TMyMxFj/cJINqGHrKw==
  dependencies:
    commander "2"

vega-dataflow@^5.4.0, vega-dataflow@^5.7.0:
  version "5.7.0"
  resolved "https://registry.yarnpkg.com/vega-dataflow/-/vega-dataflow-5.7.0.tgz#811381d946e044cafe093c7c7f8111d366cfbc11"
  integrity sha512-W8Q6NBCmk3TCDjTiy/I2PA4JTQljqp3XF6227CiCvZfhmCZCeHchuZKrgwJUBVZ2CoqT+UL2JpCi1SFzrPObIQ==
  dependencies:
    vega-format "^1.0.0"
    vega-loader "^4.3.0"
    vega-util "^1.14.0"

vega-format@^1.0.0:
  version "1.0.1"
  resolved "https://registry.yarnpkg.com/vega-format/-/vega-format-1.0.1.tgz#94b5be9eb3d6a8b315fcf3d523ed6a1bb2ea4d71"
  integrity sha512-f9IZ+SDHVFFneDDc+d8RfeJhXXvUgquAuM+1MZ2Rjf4xqpg+E8FSNQkh8wjeo82mc6G3KVa9hynSdfN/a0AktQ==
  dependencies:
    d3-array "^2.4.0"
    d3-format "^1.4.4"
    d3-time-format "^2.2.3"
    vega-time "^2.0.0"
    vega-util "^1.14.0"

vega-loader@^4.3.0:
  version "4.3.0"
  resolved "https://registry.yarnpkg.com/vega-loader/-/vega-loader-4.3.0.tgz#f32d70e2dd57d753e4160aae2e1f48c20e0d00e5"
  integrity sha512-XrwwJ1xWnsVS2N2M4vdvzieUdXWegdD31t04sCPQ5C3US58NYlq1ho1Md+5FVrtl0uCd0wG/mk700Jp7yPhN+w==
  dependencies:
    d3-dsv "^1.2.0"
    node-fetch "^2.6.0"
    topojson-client "^3.1.0"
    vega-format "^1.0.0"
    vega-util "^1.14.0"

vega-statistics@^1.7.5:
  version "1.7.6"
  resolved "https://registry.yarnpkg.com/vega-statistics/-/vega-statistics-1.7.6.tgz#6f920c83adbec9a25087ca60c41af272838f85bd"
  integrity sha512-w6z5t4p1zYNSvsg3lln4TZakxXlH/tM0w5WAP1EXLYrCYRw0F/SvxqLQ+WqEZVnI/WGQDq2v5xMAn0WvHJ/kUg==
  dependencies:
    d3-array "^2.4.0"

vega-time@^2.0.0, vega-time@^2.0.1:
  version "2.0.1"
  resolved "https://registry.yarnpkg.com/vega-time/-/vega-time-2.0.1.tgz#2a91c3acafd091e6724063dea26e4b3fe6061d2f"
  integrity sha512-Ij0gmABKDRKAMUTh/1AGSSkU6ocWiteLkIK/cmcnt98u8LiuVcFT5w7gusd0+ibO9EooeMKazn5xPmjvQs0qEg==
  dependencies:
    d3-array "^2.4.0"
    d3-time "^1.1.0"
    vega-util "^1.14.0"

vega-transforms@*:
  version "4.9.0"
  resolved "https://registry.yarnpkg.com/vega-transforms/-/vega-transforms-4.9.0.tgz#272be37adb8565633ccde68f64079fb5029a8ac9"
  integrity sha512-xsgvkHsyKgEWdCB86DVts2Zu6fJ+cGjpc56MpcCWPArNuhcUSugivIoTAFAh8w7QempQBsAtnPrnbaytMYOJ8w==
  dependencies:
    d3-array "^2.4.0"
    vega-dataflow "^5.7.0"
    vega-statistics "^1.7.5"
    vega-time "^2.0.1"
    vega-util "^1.14.0"

vega-util@^1.11.0, vega-util@^1.14.0:
  version "1.14.1"
  resolved "https://registry.yarnpkg.com/vega-util/-/vega-util-1.14.1.tgz#0fb614277764f98738ba0b80e5cdfbe663426183"
  integrity sha512-pSKJ8OCkgfgHZDTljyj+gmGltgulceWbk1BV6LWrXqp6P3J8qPA/oZA8+a93YNApYxXZ3yzIVUDOo5O27xk0jw==
